
Microsoft Visual Studio Solution File, Format Version 12.00
# Visual Studio Version 16
VisualStudioVersion = 16.0.30011.22
MinimumVisualStudioVersion = 10.0.40219.1
Project("{FAE04EC0-301F-11D3-BF4B-00C04F79EFBC}") = "TercerSaludoGitHub", "TercerSaludoGitHub\TercerSaludoGitHub.csproj", "{9C7605AC-61D1-4072-A3C2-98B00D507DCE}"
EndProject
Global
	GlobalSection(SolutionConfigurationPlatforms) = preSolution
		Debug|Any CPU = Debug|Any CPU
		Release|Any CPU = Release|Any CPU
	EndGlobalSection
	GlobalSection(ProjectConfigurationPlatforms) = postSolution
		{9C7605AC-61D1-4072-A3C2-98B00D507DCE}.Debug|Any CPU.ActiveCfg = Debug|Any CPU
		{9C7605AC-61D1-4072-A3C2-98B00D507DCE}.Debug|Any CPU.Build.0 = Debug|Any CPU
		{9C7605AC-61D1-4072-A3C2-98B00D507DCE}.Release|Any CPU.ActiveCfg = Release|Any CPU
		{9C7605AC-61D1-4072-A3C2-98B00D507DCE}.Release|Any CPU.Build.0 = Release|Any CPU
	EndGlobalSection
	GlobalSection(SolutionProperties) = preSolution
		HideSolutionNode = FALSE
	EndGlobalSection
	GlobalSection(ExtensibilityGlobals) = postSolution
		SolutionGuid = {F59AEED6-65CA-45F5-B816-F6DED504B5F1}
	EndGlobalSection
EndGlobal
